
Microsoft Visual Studio Solution File, Format Version 12.00
# Visual Studio Version 17
VisualStudioVersion = 17.7.34003.232
MinimumVisualStudioVersion = 10.0.40219.1
Project("{FAE04EC0-301F-11D3-BF4B-00C04F79EFBC}") = "ShapeDrawerApplication", "ShapeDrawerApplication\ShapeDrawerApplication.csproj", "{B6A0269E-A93D-4CFF-8988-E2B2A4332E5F}"
EndProject
Project("{FAE04EC0-301F-11D3-BF4B-00C04F79EFBC}") = "ShapeDrawerTestProject", "ShapeDrawerTestProject\ShapeDrawerTestProject.csproj", "{6709B9D3-1296-44D8-91A9-81988DA2BC75}"
EndProject
Project("{FAE04EC0-301F-11D3-BF4B-00C04F79EFBC}") = "RefactoredShape", "RefactoredShape\RefactoredShape.csproj", "{04147FAE-FAF6-4C1D-9BCE-EEBF82E45015}"
EndProject
Global
	GlobalSection(SolutionConfigurationPlatforms) = preSolution
		Debug|Any CPU = Debug|Any CPU
		Release|Any CPU = Release|Any CPU
	EndGlobalSection
	GlobalSection(ProjectConfigurationPlatforms) = postSolution
		{B6A0269E-A93D-4CFF-8988-E2B2A4332E5F}.Debug|Any CPU.ActiveCfg = Debug|Any CPU
		{B6A0269E-A93D-4CFF-8988-E2B2A4332E5F}.Debug|Any CPU.Build.0 = Debug|Any CPU
		{B6A0269E-A93D-4CFF-8988-E2B2A4332E5F}.Release|Any CPU.ActiveCfg = Release|Any CPU
		{B6A0269E-A93D-4CFF-8988-E2B2A4332E5F}.Release|Any CPU.Build.0 = Release|Any CPU
		{6709B9D3-1296-44D8-91A9-81988DA2BC75}.Debug|Any CPU.ActiveCfg = Debug|Any CPU
		{6709B9D3-1296-44D8-91A9-81988DA2BC75}.Debug|Any CPU.Build.0 = Debug|Any CPU
		{6709B9D3-1296-44D8-91A9-81988DA2BC75}.Release|Any CPU.ActiveCfg = Release|Any CPU
		{6709B9D3-1296-44D8-91A9-81988DA2BC75}.Release|Any CPU.Build.0 = Release|Any CPU
		{04147FAE-FAF6-4C1D-9BCE-EEBF82E45015}.Debug|Any CPU.ActiveCfg = Debug|Any CPU
		{04147FAE-FAF6-4C1D-9BCE-EEBF82E45015}.Debug|Any CPU.Build.0 = Debug|Any CPU
		{04147FAE-FAF6-4C1D-9BCE-EEBF82E45015}.Release|Any CPU.ActiveCfg = Release|Any CPU
		{04147FAE-FAF6-4C1D-9BCE-EEBF82E45015}.Release|Any CPU.Build.0 = Release|Any CPU
	EndGlobalSection
	GlobalSection(SolutionProperties) = preSolution
		HideSolutionNode = FALSE
	EndGlobalSection
	GlobalSection(ExtensibilityGlobals) = postSolution
		SolutionGuid = {20603E6E-6A24-4387-8D70-5D747C018888}
	EndGlobalSection
EndGlobal
