
Microsoft Visual Studio Solution File, Format Version 12.00
# Visual Studio Version 17
VisualStudioVersion = 17.7.34003.232
MinimumVisualStudioVersion = 10.0.40219.1
Project("{FAE04EC0-301F-11D3-BF4B-00C04F79EFBC}") = "Lab01", "Lab01\Lab01.csproj", "{0EAF1B37-B1F1-40DD-AD68-B005BD011414}"
EndProject
Global
	GlobalSection(SolutionConfigurationPlatforms) = preSolution
		Debug|Any CPU = Debug|Any CPU
		Release|Any CPU = Release|Any CPU
	EndGlobalSection
	GlobalSection(ProjectConfigurationPlatforms) = postSolution
		{0EAF1B37-B1F1-40DD-AD68-B005BD011414}.Debug|Any CPU.ActiveCfg = Debug|Any CPU
		{0EAF1B37-B1F1-40DD-AD68-B005BD011414}.Debug|Any CPU.Build.0 = Debug|Any CPU
		{0EAF1B37-B1F1-40DD-AD68-B005BD011414}.Release|Any CPU.ActiveCfg = Release|Any CPU
		{0EAF1B37-B1F1-40DD-AD68-B005BD011414}.Release|Any CPU.Build.0 = Release|Any CPU
	EndGlobalSection
	GlobalSection(SolutionProperties) = preSolution
		HideSolutionNode = FALSE
	EndGlobalSection
	GlobalSection(ExtensibilityGlobals) = postSolution
		SolutionGuid = {7FFD2E40-9DA1-4F3E-9EE5-83C7D849BB33}
	EndGlobalSection
EndGlobal
