
Microsoft Visual Studio Solution File, Format Version 12.00
# Visual Studio Version 17
VisualStudioVersion = 17.10.35122.118
MinimumVisualStudioVersion = 10.0.40219.1
Project("{FAE04EC0-301F-11D3-BF4B-00C04F79EFBC}") = "AirlineReservationSystem", "AirlineReservationSystem\AirlineReservationSystem.csproj", "{5BB87A23-55C5-4FCD-B7DE-A6C168BA2F7C}"
EndProject
Project("{FAE04EC0-301F-11D3-BF4B-00C04F79EFBC}") = "AirlineReservationSystemTest", "AirlineReservationSystemTest\AirlineReservationSystemTest.csproj", "{E9BD5070-7233-4964-A160-39B515A95B0C}"
EndProject
Global
	GlobalSection(SolutionConfigurationPlatforms) = preSolution
		Debug|Any CPU = Debug|Any CPU
		Release|Any CPU = Release|Any CPU
	EndGlobalSection
	GlobalSection(ProjectConfigurationPlatforms) = postSolution
		{5BB87A23-55C5-4FCD-B7DE-A6C168BA2F7C}.Debug|Any CPU.ActiveCfg = Debug|Any CPU
		{5BB87A23-55C5-4FCD-B7DE-A6C168BA2F7C}.Debug|Any CPU.Build.0 = Debug|Any CPU
		{5BB87A23-55C5-4FCD-B7DE-A6C168BA2F7C}.Release|Any CPU.ActiveCfg = Release|Any CPU
		{5BB87A23-55C5-4FCD-B7DE-A6C168BA2F7C}.Release|Any CPU.Build.0 = Release|Any CPU
		{E9BD5070-7233-4964-A160-39B515A95B0C}.Debug|Any CPU.ActiveCfg = Debug|Any CPU
		{E9BD5070-7233-4964-A160-39B515A95B0C}.Debug|Any CPU.Build.0 = Debug|Any CPU
		{E9BD5070-7233-4964-A160-39B515A95B0C}.Release|Any CPU.ActiveCfg = Release|Any CPU
		{E9BD5070-7233-4964-A160-39B515A95B0C}.Release|Any CPU.Build.0 = Release|Any CPU
	EndGlobalSection
	GlobalSection(SolutionProperties) = preSolution
		HideSolutionNode = FALSE
	EndGlobalSection
	GlobalSection(ExtensibilityGlobals) = postSolution
		SolutionGuid = {AEBA7E80-443A-45ED-8037-E0AE46358A4B}
	EndGlobalSection
EndGlobal
