
Microsoft Visual Studio Solution File, Format Version 12.00
# Visual Studio Version 17
VisualStudioVersion = 17.7.34003.232
MinimumVisualStudioVersion = 10.0.40219.1
Project("{FAE04EC0-301F-11D3-BF4B-00C04F79EFBC}") = "Conversion_into_c#", "Conversion_into_c#\Conversion_into_c#.csproj", "{E722E3D6-DB00-43D8-B2AB-08BB3D273C51}"
EndProject
Project("{FAE04EC0-301F-11D3-BF4B-00C04F79EFBC}") = "Aggregation", "Aggregation\Aggregation.csproj", "{F4E4BEAF-3E0C-4C34-AB51-9DD5C0F705F2}"
EndProject
Project("{FAE04EC0-301F-11D3-BF4B-00C04F79EFBC}") = "Composition", "Composition\Composition.csproj", "{DF9EDFE2-74E3-45BF-B577-0BE3BCAB6833}"
EndProject
Project("{FAE04EC0-301F-11D3-BF4B-00C04F79EFBC}") = "Text-Buffer(aggregation-composition)", "Text-Buffer(aggregation-composition)\Text-Buffer(aggregation-composition).csproj", "{B5A33510-1AF0-486E-80E0-BF0A645CC9C3}"
EndProject
Project("{FAE04EC0-301F-11D3-BF4B-00C04F79EFBC}") = "Delegation", "Delegation\Delegation.csproj", "{C8874157-81F1-4B3E-8E3E-B1F5F25AB247}"
EndProject
Project("{FAE04EC0-301F-11D3-BF4B-00C04F79EFBC}") = "Printing_Application", "Printing_Application\Printing_Application.csproj", "{1084F665-FED2-408E-8336-15C318223663}"
EndProject
Global
	GlobalSection(SolutionConfigurationPlatforms) = preSolution
		Debug|Any CPU = Debug|Any CPU
		Release|Any CPU = Release|Any CPU
	EndGlobalSection
	GlobalSection(ProjectConfigurationPlatforms) = postSolution
		{E722E3D6-DB00-43D8-B2AB-08BB3D273C51}.Debug|Any CPU.ActiveCfg = Debug|Any CPU
		{E722E3D6-DB00-43D8-B2AB-08BB3D273C51}.Debug|Any CPU.Build.0 = Debug|Any CPU
		{E722E3D6-DB00-43D8-B2AB-08BB3D273C51}.Release|Any CPU.ActiveCfg = Release|Any CPU
		{E722E3D6-DB00-43D8-B2AB-08BB3D273C51}.Release|Any CPU.Build.0 = Release|Any CPU
		{F4E4BEAF-3E0C-4C34-AB51-9DD5C0F705F2}.Debug|Any CPU.ActiveCfg = Debug|Any CPU
		{F4E4BEAF-3E0C-4C34-AB51-9DD5C0F705F2}.Debug|Any CPU.Build.0 = Debug|Any CPU
		{F4E4BEAF-3E0C-4C34-AB51-9DD5C0F705F2}.Release|Any CPU.ActiveCfg = Release|Any CPU
		{F4E4BEAF-3E0C-4C34-AB51-9DD5C0F705F2}.Release|Any CPU.Build.0 = Release|Any CPU
		{DF9EDFE2-74E3-45BF-B577-0BE3BCAB6833}.Debug|Any CPU.ActiveCfg = Debug|Any CPU
		{DF9EDFE2-74E3-45BF-B577-0BE3BCAB6833}.Debug|Any CPU.Build.0 = Debug|Any CPU
		{DF9EDFE2-74E3-45BF-B577-0BE3BCAB6833}.Release|Any CPU.ActiveCfg = Release|Any CPU
		{DF9EDFE2-74E3-45BF-B577-0BE3BCAB6833}.Release|Any CPU.Build.0 = Release|Any CPU
		{B5A33510-1AF0-486E-80E0-BF0A645CC9C3}.Debug|Any CPU.ActiveCfg = Debug|Any CPU
		{B5A33510-1AF0-486E-80E0-BF0A645CC9C3}.Debug|Any CPU.Build.0 = Debug|Any CPU
		{B5A33510-1AF0-486E-80E0-BF0A645CC9C3}.Release|Any CPU.ActiveCfg = Release|Any CPU
		{B5A33510-1AF0-486E-80E0-BF0A645CC9C3}.Release|Any CPU.Build.0 = Release|Any CPU
		{C8874157-81F1-4B3E-8E3E-B1F5F25AB247}.Debug|Any CPU.ActiveCfg = Debug|Any CPU
		{C8874157-81F1-4B3E-8E3E-B1F5F25AB247}.Debug|Any CPU.Build.0 = Debug|Any CPU
		{C8874157-81F1-4B3E-8E3E-B1F5F25AB247}.Release|Any CPU.ActiveCfg = Release|Any CPU
		{C8874157-81F1-4B3E-8E3E-B1F5F25AB247}.Release|Any CPU.Build.0 = Release|Any CPU
		{1084F665-FED2-408E-8336-15C318223663}.Debug|Any CPU.ActiveCfg = Debug|Any CPU
		{1084F665-FED2-408E-8336-15C318223663}.Debug|Any CPU.Build.0 = Debug|Any CPU
		{1084F665-FED2-408E-8336-15C318223663}.Release|Any CPU.ActiveCfg = Release|Any CPU
		{1084F665-FED2-408E-8336-15C318223663}.Release|Any CPU.Build.0 = Release|Any CPU
	EndGlobalSection
	GlobalSection(SolutionProperties) = preSolution
		HideSolutionNode = FALSE
	EndGlobalSection
	GlobalSection(ExtensibilityGlobals) = postSolution
		SolutionGuid = {FFC76713-D19E-492D-86B5-AA0D768185FE}
	EndGlobalSection
EndGlobal
